
Microsoft Visual Studio Solution File, Format Version 12.00
# Visual Studio Version 17
VisualStudioVersion = 17.0.31903.59
MinimumVisualStudioVersion = 10.0.40219.1
Project("{2150E333-8FDC-42A3-9474-1A3956D46DE8}") = "src", "src", "{827E0CD3-B72D-47B6-A68D-7590B98EB39B}"
EndProject
Project("{FAE04EC0-301F-11D3-BF4B-00C04F79EFBC}") = "Versus.Domain", "src\Versus.Domain\Versus.Domain.csproj", "{4A79A6D4-52F1-48CE-8581-70F9E21428D9}"
EndProject
Project("{FAE04EC0-301F-11D3-BF4B-00C04F79EFBC}") = "Versus.Application", "src\Versus.Application\Versus.Application.csproj", "{E93DF490-9565-436F-8717-87195753964E}"
EndProject
Project("{FAE04EC0-301F-11D3-BF4B-00C04F79EFBC}") = "Versus.Infrastructure", "src\Versus.Infrastructure\Versus.Infrastructure.csproj", "{58E844FE-D2FA-46A4-BDA7-7B7CD26113AD}"
EndProject
Project("{FAE04EC0-301F-11D3-BF4B-00C04F79EFBC}") = "Versus.Api", "src\Versus.Api\Versus.Api.csproj", "{F9CDEEDF-3E8F-4B57-BF83-77138B8C30FB}"
EndProject
Project("{FAE04EC0-301F-11D3-BF4B-00C04F79EFBC}") = "Versus.Web", "src\Versus.Web\Versus.Web.csproj", "{2E101E2F-E494-41EF-9486-C37895714157}"
EndProject
Project("{FAE04EC0-301F-11D3-BF4B-00C04F79EFBC}") = "Versus.Shared", "src\Versus.Shared\Versus.Shared.csproj", "{CA096E0A-3343-4A49-AEB9-834464102980}"
EndProject
Project("{2150E333-8FDC-42A3-9474-1A3956D46DE8}") = "tests", "tests", "{0AB3BF05-4346-4AA6-1389-037BE0695223}"
EndProject
Project("{FAE04EC0-301F-11D3-BF4B-00C04F79EFBC}") = "Versus.Domain.UnitTests", "tests\Versus.Domain.UnitTests\Versus.Domain.UnitTests.csproj", "{0F0AB63F-38C3-4BDF-B235-C0DBA74CFE8F}"
EndProject
Project("{FAE04EC0-301F-11D3-BF4B-00C04F79EFBC}") = "Versus.Application.UnitTests", "tests\Versus.Application.UnitTests\Versus.Application.UnitTests.csproj", "{C6C8FA3D-5BD0-4EEB-B928-F9E72F8130F7}"
EndProject
Project("{FAE04EC0-301F-11D3-BF4B-00C04F79EFBC}") = "Versus.Application.IntegrationTests", "tests\Versus.Application.IntegrationTests\Versus.Application.IntegrationTests.csproj", "{84CB2BDE-7D7E-490C-8065-70D28F54C624}"
EndProject
Project("{FAE04EC0-301F-11D3-BF4B-00C04F79EFBC}") = "Versus.Api.IntegrationTests", "tests\Versus.Api.IntegrationTests\Versus.Api.IntegrationTests.csproj", "{320977D0-3221-4886-8B13-0E539F169AFD}"
EndProject
Global
	GlobalSection(SolutionConfigurationPlatforms) = preSolution
		Debug|Any CPU = Debug|Any CPU
		Debug|x64 = Debug|x64
		Debug|x86 = Debug|x86
		Release|Any CPU = Release|Any CPU
		Release|x64 = Release|x64
		Release|x86 = Release|x86
	EndGlobalSection
	GlobalSection(ProjectConfigurationPlatforms) = postSolution
		{4A79A6D4-52F1-48CE-8581-70F9E21428D9}.Debug|Any CPU.ActiveCfg = Debug|Any CPU
		{4A79A6D4-52F1-48CE-8581-70F9E21428D9}.Debug|Any CPU.Build.0 = Debug|Any CPU
		{4A79A6D4-52F1-48CE-8581-70F9E21428D9}.Debug|x64.ActiveCfg = Debug|Any CPU
		{4A79A6D4-52F1-48CE-8581-70F9E21428D9}.Debug|x64.Build.0 = Debug|Any CPU
		{4A79A6D4-52F1-48CE-8581-70F9E21428D9}.Debug|x86.ActiveCfg = Debug|Any CPU
		{4A79A6D4-52F1-48CE-8581-70F9E21428D9}.Debug|x86.Build.0 = Debug|Any CPU
		{4A79A6D4-52F1-48CE-8581-70F9E21428D9}.Release|Any CPU.ActiveCfg = Release|Any CPU
		{4A79A6D4-52F1-48CE-8581-70F9E21428D9}.Release|Any CPU.Build.0 = Release|Any CPU
		{4A79A6D4-52F1-48CE-8581-70F9E21428D9}.Release|x64.ActiveCfg = Release|Any CPU
		{4A79A6D4-52F1-48CE-8581-70F9E21428D9}.Release|x64.Build.0 = Release|Any CPU
		{4A79A6D4-52F1-48CE-8581-70F9E21428D9}.Release|x86.ActiveCfg = Release|Any CPU
		{4A79A6D4-52F1-48CE-8581-70F9E21428D9}.Release|x86.Build.0 = Release|Any CPU
		{E93DF490-9565-436F-8717-87195753964E}.Debug|Any CPU.ActiveCfg = Debug|Any CPU
		{E93DF490-9565-436F-8717-87195753964E}.Debug|Any CPU.Build.0 = Debug|Any CPU
		{E93DF490-9565-436F-8717-87195753964E}.Debug|x64.ActiveCfg = Debug|Any CPU
		{E93DF490-9565-436F-8717-87195753964E}.Debug|x64.Build.0 = Debug|Any CPU
		{E93DF490-9565-436F-8717-87195753964E}.Debug|x86.ActiveCfg = Debug|Any CPU
		{E93DF490-9565-436F-8717-87195753964E}.Debug|x86.Build.0 = Debug|Any CPU
		{E93DF490-9565-436F-8717-87195753964E}.Release|Any CPU.ActiveCfg = Release|Any CPU
		{E93DF490-9565-436F-8717-87195753964E}.Release|Any CPU.Build.0 = Release|Any CPU
		{E93DF490-9565-436F-8717-87195753964E}.Release|x64.ActiveCfg = Release|Any CPU
		{E93DF490-9565-436F-8717-87195753964E}.Release|x64.Build.0 = Release|Any CPU
		{E93DF490-9565-436F-8717-87195753964E}.Release|x86.ActiveCfg = Release|Any CPU
		{E93DF490-9565-436F-8717-87195753964E}.Release|x86.Build.0 = Release|Any CPU
		{58E844FE-D2FA-46A4-BDA7-7B7CD26113AD}.Debug|Any CPU.ActiveCfg = Debug|Any CPU
		{58E844FE-D2FA-46A4-BDA7-7B7CD26113AD}.Debug|Any CPU.Build.0 = Debug|Any CPU
		{58E844FE-D2FA-46A4-BDA7-7B7CD26113AD}.Debug|x64.ActiveCfg = Debug|Any CPU
		{58E844FE-D2FA-46A4-BDA7-7B7CD26113AD}.Debug|x64.Build.0 = Debug|Any CPU
		{58E844FE-D2FA-46A4-BDA7-7B7CD26113AD}.Debug|x86.ActiveCfg = Debug|Any CPU
		{58E844FE-D2FA-46A4-BDA7-7B7CD26113AD}.Debug|x86.Build.0 = Debug|Any CPU
		{58E844FE-D2FA-46A4-BDA7-7B7CD26113AD}.Release|Any CPU.ActiveCfg = Release|Any CPU
		{58E844FE-D2FA-46A4-BDA7-7B7CD26113AD}.Release|Any CPU.Build.0 = Release|Any CPU
		{58E844FE-D2FA-46A4-BDA7-7B7CD26113AD}.Release|x64.ActiveCfg = Release|Any CPU
		{58E844FE-D2FA-46A4-BDA7-7B7CD26113AD}.Release|x64.Build.0 = Release|Any CPU
		{58E844FE-D2FA-46A4-BDA7-7B7CD26113AD}.Release|x86.ActiveCfg = Release|Any CPU
		{58E844FE-D2FA-46A4-BDA7-7B7CD26113AD}.Release|x86.Build.0 = Release|Any CPU
		{F9CDEEDF-3E8F-4B57-BF83-77138B8C30FB}.Debug|Any CPU.ActiveCfg = Debug|Any CPU
		{F9CDEEDF-3E8F-4B57-BF83-77138B8C30FB}.Debug|Any CPU.Build.0 = Debug|Any CPU
		{F9CDEEDF-3E8F-4B57-BF83-77138B8C30FB}.Debug|x64.ActiveCfg = Debug|Any CPU
		{F9CDEEDF-3E8F-4B57-BF83-77138B8C30FB}.Debug|x64.Build.0 = Debug|Any CPU
		{F9CDEEDF-3E8F-4B57-BF83-77138B8C30FB}.Debug|x86.ActiveCfg = Debug|Any CPU
		{F9CDEEDF-3E8F-4B57-BF83-77138B8C30FB}.Debug|x86.Build.0 = Debug|Any CPU
		{F9CDEEDF-3E8F-4B57-BF83-77138B8C30FB}.Release|Any CPU.ActiveCfg = Release|Any CPU
		{F9CDEEDF-3E8F-4B57-BF83-77138B8C30FB}.Release|Any CPU.Build.0 = Release|Any CPU
		{F9CDEEDF-3E8F-4B57-BF83-77138B8C30FB}.Release|x64.ActiveCfg = Release|Any CPU
		{F9CDEEDF-3E8F-4B57-BF83-77138B8C30FB}.Release|x64.Build.0 = Release|Any CPU
		{F9CDEEDF-3E8F-4B57-BF83-77138B8C30FB}.Release|x86.ActiveCfg = Release|Any CPU
		{F9CDEEDF-3E8F-4B57-BF83-77138B8C30FB}.Release|x86.Build.0 = Release|Any CPU
		{2E101E2F-E494-41EF-9486-C37895714157}.Debug|Any CPU.ActiveCfg = Debug|Any CPU
		{2E101E2F-E494-41EF-9486-C37895714157}.Debug|Any CPU.Build.0 = Debug|Any CPU
		{2E101E2F-E494-41EF-9486-C37895714157}.Debug|x64.ActiveCfg = Debug|Any CPU
		{2E101E2F-E494-41EF-9486-C37895714157}.Debug|x64.Build.0 = Debug|Any CPU
		{2E101E2F-E494-41EF-9486-C37895714157}.Debug|x86.ActiveCfg = Debug|Any CPU
		{2E101E2F-E494-41EF-9486-C37895714157}.Debug|x86.Build.0 = Debug|Any CPU
		{2E101E2F-E494-41EF-9486-C37895714157}.Release|Any CPU.ActiveCfg = Release|Any CPU
		{2E101E2F-E494-41EF-9486-C37895714157}.Release|Any CPU.Build.0 = Release|Any CPU
		{2E101E2F-E494-41EF-9486-C37895714157}.Release|x64.ActiveCfg = Release|Any CPU
		{2E101E2F-E494-41EF-9486-C37895714157}.Release|x64.Build.0 = Release|Any CPU
		{2E101E2F-E494-41EF-9486-C37895714157}.Release|x86.ActiveCfg = Release|Any CPU
		{2E101E2F-E494-41EF-9486-C37895714157}.Release|x86.Build.0 = Release|Any CPU
		{CA096E0A-3343-4A49-AEB9-834464102980}.Debug|Any CPU.ActiveCfg = Debug|Any CPU
		{CA096E0A-3343-4A49-AEB9-834464102980}.Debug|Any CPU.Build.0 = Debug|Any CPU
		{CA096E0A-3343-4A49-AEB9-834464102980}.Debug|x64.ActiveCfg = Debug|Any CPU
		{CA096E0A-3343-4A49-AEB9-834464102980}.Debug|x64.Build.0 = Debug|Any CPU
		{CA096E0A-3343-4A49-AEB9-834464102980}.Debug|x86.ActiveCfg = Debug|Any CPU
		{CA096E0A-3343-4A49-AEB9-834464102980}.Debug|x86.Build.0 = Debug|Any CPU
		{CA096E0A-3343-4A49-AEB9-834464102980}.Release|Any CPU.ActiveCfg = Release|Any CPU
		{CA096E0A-3343-4A49-AEB9-834464102980}.Release|Any CPU.Build.0 = Release|Any CPU
		{CA096E0A-3343-4A49-AEB9-834464102980}.Release|x64.ActiveCfg = Release|Any CPU
		{CA096E0A-3343-4A49-AEB9-834464102980}.Release|x64.Build.0 = Release|Any CPU
		{CA096E0A-3343-4A49-AEB9-834464102980}.Release|x86.ActiveCfg = Release|Any CPU
		{CA096E0A-3343-4A49-AEB9-834464102980}.Release|x86.Build.0 = Release|Any CPU
		{0F0AB63F-38C3-4BDF-B235-C0DBA74CFE8F}.Debug|Any CPU.ActiveCfg = Debug|Any CPU
		{0F0AB63F-38C3-4BDF-B235-C0DBA74CFE8F}.Debug|Any CPU.Build.0 = Debug|Any CPU
		{0F0AB63F-38C3-4BDF-B235-C0DBA74CFE8F}.Debug|x64.ActiveCfg = Debug|Any CPU
		{0F0AB63F-38C3-4BDF-B235-C0DBA74CFE8F}.Debug|x64.Build.0 = Debug|Any CPU
		{0F0AB63F-38C3-4BDF-B235-C0DBA74CFE8F}.Debug|x86.ActiveCfg = Debug|Any CPU
		{0F0AB63F-38C3-4BDF-B235-C0DBA74CFE8F}.Debug|x86.Build.0 = Debug|Any CPU
		{0F0AB63F-38C3-4BDF-B235-C0DBA74CFE8F}.Release|Any CPU.ActiveCfg = Release|Any CPU
		{0F0AB63F-38C3-4BDF-B235-C0DBA74CFE8F}.Release|Any CPU.Build.0 = Release|Any CPU
		{0F0AB63F-38C3-4BDF-B235-C0DBA74CFE8F}.Release|x64.ActiveCfg = Release|Any CPU
		{0F0AB63F-38C3-4BDF-B235-C0DBA74CFE8F}.Release|x64.Build.0 = Release|Any CPU
		{0F0AB63F-38C3-4BDF-B235-C0DBA74CFE8F}.Release|x86.ActiveCfg = Release|Any CPU
		{0F0AB63F-38C3-4BDF-B235-C0DBA74CFE8F}.Release|x86.Build.0 = Release|Any CPU
		{C6C8FA3D-5BD0-4EEB-B928-F9E72F8130F7}.Debug|Any CPU.ActiveCfg = Debug|Any CPU
		{C6C8FA3D-5BD0-4EEB-B928-F9E72F8130F7}.Debug|Any CPU.Build.0 = Debug|Any CPU
		{C6C8FA3D-5BD0-4EEB-B928-F9E72F8130F7}.Debug|x64.ActiveCfg = Debug|Any CPU
		{C6C8FA3D-5BD0-4EEB-B928-F9E72F8130F7}.Debug|x64.Build.0 = Debug|Any CPU
		{C6C8FA3D-5BD0-4EEB-B928-F9E72F8130F7}.Debug|x86.ActiveCfg = Debug|Any CPU
		{C6C8FA3D-5BD0-4EEB-B928-F9E72F8130F7}.Debug|x86.Build.0 = Debug|Any CPU
		{C6C8FA3D-5BD0-4EEB-B928-F9E72F8130F7}.Release|Any CPU.ActiveCfg = Release|Any CPU
		{C6C8FA3D-5BD0-4EEB-B928-F9E72F8130F7}.Release|Any CPU.Build.0 = Release|Any CPU
		{C6C8FA3D-5BD0-4EEB-B928-F9E72F8130F7}.Release|x64.ActiveCfg = Release|Any CPU
		{C6C8FA3D-5BD0-4EEB-B928-F9E72F8130F7}.Release|x64.Build.0 = Release|Any CPU
		{C6C8FA3D-5BD0-4EEB-B928-F9E72F8130F7}.Release|x86.ActiveCfg = Release|Any CPU
		{C6C8FA3D-5BD0-4EEB-B928-F9E72F8130F7}.Release|x86.Build.0 = Release|Any CPU
		{84CB2BDE-7D7E-490C-8065-70D28F54C624}.Debug|Any CPU.ActiveCfg = Debug|Any CPU
		{84CB2BDE-7D7E-490C-8065-70D28F54C624}.Debug|Any CPU.Build.0 = Debug|Any CPU
		{84CB2BDE-7D7E-490C-8065-70D28F54C624}.Debug|x64.ActiveCfg = Debug|Any CPU
		{84CB2BDE-7D7E-490C-8065-70D28F54C624}.Debug|x64.Build.0 = Debug|Any CPU
		{84CB2BDE-7D7E-490C-8065-70D28F54C624}.Debug|x86.ActiveCfg = Debug|Any CPU
		{84CB2BDE-7D7E-490C-8065-70D28F54C624}.Debug|x86.Build.0 = Debug|Any CPU
		{84CB2BDE-7D7E-490C-8065-70D28F54C624}.Release|Any CPU.ActiveCfg = Release|Any CPU
		{84CB2BDE-7D7E-490C-8065-70D28F54C624}.Release|Any CPU.Build.0 = Release|Any CPU
		{84CB2BDE-7D7E-490C-8065-70D28F54C624}.Release|x64.ActiveCfg = Release|Any CPU
		{84CB2BDE-7D7E-490C-8065-70D28F54C624}.Release|x64.Build.0 = Release|Any CPU
		{84CB2BDE-7D7E-490C-8065-70D28F54C624}.Release|x86.ActiveCfg = Release|Any CPU
		{84CB2BDE-7D7E-490C-8065-70D28F54C624}.Release|x86.Build.0 = Release|Any CPU
		{320977D0-3221-4886-8B13-0E539F169AFD}.Debug|Any CPU.ActiveCfg = Debug|Any CPU
		{320977D0-3221-4886-8B13-0E539F169AFD}.Debug|Any CPU.Build.0 = Debug|Any CPU
		{320977D0-3221-4886-8B13-0E539F169AFD}.Debug|x64.ActiveCfg = Debug|Any CPU
		{320977D0-3221-4886-8B13-0E539F169AFD}.Debug|x64.Build.0 = Debug|Any CPU
		{320977D0-3221-4886-8B13-0E539F169AFD}.Debug|x86.ActiveCfg = Debug|Any CPU
		{320977D0-3221-4886-8B13-0E539F169AFD}.Debug|x86.Build.0 = Debug|Any CPU
		{320977D0-3221-4886-8B13-0E539F169AFD}.Release|Any CPU.ActiveCfg = Release|Any CPU
		{320977D0-3221-4886-8B13-0E539F169AFD}.Release|Any CPU.Build.0 = Release|Any CPU
		{320977D0-3221-4886-8B13-0E539F169AFD}.Release|x64.ActiveCfg = Release|Any CPU
		{320977D0-3221-4886-8B13-0E539F169AFD}.Release|x64.Build.0 = Release|Any CPU
		{320977D0-3221-4886-8B13-0E539F169AFD}.Release|x86.ActiveCfg = Release|Any CPU
		{320977D0-3221-4886-8B13-0E539F169AFD}.Release|x86.Build.0 = Release|Any CPU
	EndGlobalSection
	GlobalSection(SolutionProperties) = preSolution
		HideSolutionNode = FALSE
	EndGlobalSection
	GlobalSection(NestedProjects) = preSolution
		{4A79A6D4-52F1-48CE-8581-70F9E21428D9} = {827E0CD3-B72D-47B6-A68D-7590B98EB39B}
		{E93DF490-9565-436F-8717-87195753964E} = {827E0CD3-B72D-47B6-A68D-7590B98EB39B}
		{58E844FE-D2FA-46A4-BDA7-7B7CD26113AD} = {827E0CD3-B72D-47B6-A68D-7590B98EB39B}
		{F9CDEEDF-3E8F-4B57-BF83-77138B8C30FB} = {827E0CD3-B72D-47B6-A68D-7590B98EB39B}
		{2E101E2F-E494-41EF-9486-C37895714157} = {827E0CD3-B72D-47B6-A68D-7590B98EB39B}
		{CA096E0A-3343-4A49-AEB9-834464102980} = {827E0CD3-B72D-47B6-A68D-7590B98EB39B}
		{0F0AB63F-38C3-4BDF-B235-C0DBA74CFE8F} = {0AB3BF05-4346-4AA6-1389-037BE0695223}
		{C6C8FA3D-5BD0-4EEB-B928-F9E72F8130F7} = {0AB3BF05-4346-4AA6-1389-037BE0695223}
		{84CB2BDE-7D7E-490C-8065-70D28F54C624} = {0AB3BF05-4346-4AA6-1389-037BE0695223}
		{320977D0-3221-4886-8B13-0E539F169AFD} = {0AB3BF05-4346-4AA6-1389-037BE0695223}
	EndGlobalSection
EndGlobal
